
Microsoft Visual Studio Solution File, Format Version 12.00
# Visual Studio Version 17
VisualStudioVersion = 17.4.33213.308
MinimumVisualStudioVersion = 10.0.40219.1
Project("{FAE04EC0-301F-11D3-BF4B-00C04F79EFBC}") = "ConsoleChatApp", "ConsoleChatApp\ConsoleChatApp.csproj", "{59AC2E3D-35BE-4268-B312-D52977E6975D}"
EndProject
Global
	GlobalSection(SolutionConfigurationPlatforms) = preSolution
		Debug|Any CPU = Debug|Any CPU
		Release|Any CPU = Release|Any CPU
	EndGlobalSection
	GlobalSection(ProjectConfigurationPlatforms) = postSolution
		{59AC2E3D-35BE-4268-B312-D52977E6975D}.Debug|Any CPU.ActiveCfg = Debug|Any CPU
		{59AC2E3D-35BE-4268-B312-D52977E6975D}.Debug|Any CPU.Build.0 = Debug|Any CPU
		{59AC2E3D-35BE-4268-B312-D52977E6975D}.Release|Any CPU.ActiveCfg = Release|Any CPU
		{59AC2E3D-35BE-4268-B312-D52977E6975D}.Release|Any CPU.Build.0 = Release|Any CPU
	EndGlobalSection
	GlobalSection(SolutionProperties) = preSolution
		HideSolutionNode = FALSE
	EndGlobalSection
	GlobalSection(ExtensibilityGlobals) = postSolution
		SolutionGuid = {8E726FE2-308E-4EF4-BCFC-2473183D6413}
	EndGlobalSection
EndGlobal
